// !$*UTF8*$!
{
	archiveVersion = 1;
	classes = {
	};
	objectVersion = 77;
	objects = {

/* Begin PBXContainerItemProxy section */
		B1E16B7C2E2387B300D1F220 /* PBXContainerItemProxy */ = {
			isa = PBXContainerItemProxy;
			containerPortal = B1E16B642E2387B200D1F220 /* Project object */;
			proxyType = 1;
			remoteGlobalIDString = B1E16B6B2E2387B200D1F220;
			remoteInfo = AudienceAssistant;
		};
		B1E16B862E2387B300D1F220 /* PBXContainerItemProxy */ = {
			isa = PBXContainerItemProxy;
			containerPortal = B1E16B642E2387B200D1F220 /* Project object */;
			proxyType = 1;
			remoteGlobalIDString = B1E16B6B2E2387B200D1F220;
			remoteInfo = AudienceAssistant;
		};
/* End PBXContainerItemProxy section */

/* Begin PBXFileReference section */
		B1E16B6C2E2387B200D1F220 /* AudienceAssistant.app */ = {isa = PBXFileReference; explicitFileType = wrapper.application; includeInIndex = 0; path = AudienceAssistant.app; sourceTree = BUILT_PRODUCTS_DIR; };
		B1E16B7B2E2387B300D1F220 /* AudienceAssistantTests.xctest */ = {isa = PBXFileReference; explicitFileType = wrapper.cfbundle; includeInIndex = 0; path = AudienceAssistantTests.xctest; sourceTree = BUILT_PRODUCTS_DIR; };
		B1E16B852E2387B300D1F220 /* AudienceAssistantUITests.xctest */ = {isa = PBXFileReference; explicitFileType = wrapper.cfbundle; includeInIndex = 0; path = AudienceAssistantUITests.xctest; sourceTree = BUILT_PRODUCTS_DIR; };
/* End PBXFileReference section */

/* Begin PBXFileSystemSynchronizedRootGroup section */
		B1E16B6E2E2387B200D1F220 /* AudienceAssistant */ = {
			isa = PBXFileSystemSynchronizedRootGroup;
			path = AudienceAssistant;
			sourceTree = "<group>";
		};
		B1E16B7E2E2387B300D1F220 /* AudienceAssistantTests */ = {
			isa = PBXFileSystemSynchronizedRootGroup;
			path = AudienceAssistantTests;
			sourceTree = "<group>";
		};
		B1E16B882E2387B300D1F220 /* AudienceAssistantUITests */ = {
			isa = PBXFileSystemSynchronizedRootGroup;
			path = AudienceAssistantUITests;
			sourceTree = "<group>";
		};
/* End PBXFileSystemSynchronizedRootGroup section */

/* Begin PBXFrameworksBuildPhase section */
		B1E16B692E2387B200D1F220 /* Frameworks */ = {
			isa = PBXFrameworksBuildPhase;
			buildActionMask = 2147483647;
			files = (
			);
			runOnlyForDeploymentPostprocessing = 0;
		};
		B1E16B782E2387B300D1F220 /* Frameworks */ = {
			isa = PBXFrameworksBuildPhase;
			buildActionMask = 2147483647;
			files = (
			);
			runOnlyForDeploymentPostprocessing = 0;
		};
		B1E16B822E2387B300D1F220 /* Frameworks */ = {
			isa = PBXFrameworksBuildPhase;
			buildActionMask = 2147483647;
			files = (
			);
			runOnlyForDeploymentPostprocessing = 0;
		};
/* End PBXFrameworksBuildPhase section */

/* Begin PBXGroup section */
		B1E16B632E2387B200D1F220 = {
			isa = PBXGroup;
			children = (
				B1E16B6E2E2387B200D1F220 /* AudienceAssistant */,
				B1E16B7E2E2387B300D1F220 /* AudienceAssistantTests */,
				B1E16B882E2387B300D1F220 /* AudienceAssistantUITests */,
				B1E16B6D2E2387B200D1F220 /* Products */,
			);
			sourceTree = "<group>";
		};
		B1E16B6D2E2387B200D1F220 /* Products */ = {
			isa = PBXGroup;
			children = (
				B1E16B6C2E2387B200D1F220 /* AudienceAssistant.app */,
				B1E16B7B2E2387B300D1F220 /* AudienceAssistantTests.xctest */,
				B1E16B852E2387B300D1F220 /* AudienceAssistantUITests.xctest */,
			);
			name = Products;
			sourceTree = "<group>";
		};
/* End PBXGroup section */

/* Begin PBXNativeTarget section */
		B1E16B6B2E2387B200D1F220 /* AudienceAssistant */ = {
			isa = PBXNativeTarget;
			buildConfigurationList = B1E16B8F2E2387B300D1F220 /* Build configuration list for PBXNativeTarget "AudienceAssistant" */;
			buildPhases = (
				B1E16B682E2387B200D1F220 /* Sources */,
				B1E16B692E2387B200D1F220 /* Frameworks */,
				B1E16B6A2E2387B200D1F220 /* Resources */,
			);
			buildRules = (
			);
			dependencies = (
			);
			fileSystemSynchronizedGroups = (
				B1E16B6E2E2387B200D1F220 /* AudienceAssistant */,
			);
			name = AudienceAssistant;
			packageProductDependencies = (
			);
			productName = AudienceAssistant;
			productReference = B1E16B6C2E2387B200D1F220 /* AudienceAssistant.app */;
			productType = "com.apple.product-type.application";
		};
		B1E16B7A2E2387B300D1F220 /* AudienceAssistantTests */ = {
			isa = PBXNativeTarget;
			buildConfigurationList = B1E16B922E2387B300D1F220 /* Build configuration list for PBXNativeTarget "AudienceAssistantTests" */;
			buildPhases = (
				B1E16B772E2387B300D1F220 /* Sources */,
				B1E16B782E2387B300D1F220 /* Frameworks */,
				B1E16B792E2387B300D1F220 /* Resources */,
			);
			buildRules = (
			);
			dependencies = (
				B1E16B7D2E2387B300D1F220 /* PBXTargetDependency */,
			);
			fileSystemSynchronizedGroups = (
				B1E16B7E2E2387B300D1F220 /* AudienceAssistantTests */,
			);
			name = AudienceAssistantTests;
			packageProductDependencies = (
			);
			productName = AudienceAssistantTests;
			productReference = B1E16B7B2E2387B300D1F220 /* AudienceAssistantTests.xctest */;
			productType = "com.apple.product-type.bundle.unit-test";
		};
		B1E16B842E2387B300D1F220 /* AudienceAssistantUITests */ = {
			isa = PBXNativeTarget;
			buildConfigurationList = B1E16B952E2387B300D1F220 /* Build configuration list for PBXNativeTarget "AudienceAssistantUITests" */;
			buildPhases = (
				B1E16B812E2387B300D1F220 /* Sources */,
				B1E16B822E2387B300D1F220 /* Frameworks */,
				B1E16B832E2387B300D1F220 /* Resources */,
			);
			buildRules = (
			);
			dependencies = (
				B1E16B872E2387B300D1F220 /* PBXTargetDependency */,
			);
			fileSystemSynchronizedGroups = (
				B1E16B882E2387B300D1F220 /* AudienceAssistantUITests */,
			);
			name = AudienceAssistantUITests;
			packageProductDependencies = (
			);
			productName = AudienceAssistantUITests;
			productReference = B1E16B852E2387B300D1F220 /* AudienceAssistantUITests.xctest */;
			productType = "com.apple.product-type.bundle.ui-testing";
		};
/* End PBXNativeTarget section */

/* Begin PBXProject section */
		B1E16B642E2387B200D1F220 /* Project object */ = {
			isa = PBXProject;
			attributes = {
				BuildIndependentTargetsInParallel = 1;
				LastSwiftUpdateCheck = 1640;
				LastUpgradeCheck = 2600;
				TargetAttributes = {
					B1E16B6B2E2387B200D1F220 = {
						CreatedOnToolsVersion = 16.4;
					};
					B1E16B7A2E2387B300D1F220 = {
						CreatedOnToolsVersion = 16.4;
						TestTargetID = B1E16B6B2E2387B200D1F220;
					};
					B1E16B842E2387B300D1F220 = {
						CreatedOnToolsVersion = 16.4;
						TestTargetID = B1E16B6B2E2387B200D1F220;
					};
				};
			};
			buildConfigurationList = B1E16B672E2387B200D1F220 /* Build configuration list for PBXProject "AudienceAssistant" */;
			developmentRegion = en;
			hasScannedForEncodings = 0;
			knownRegions = (
				en,
				Base,
			);
			mainGroup = B1E16B632E2387B200D1F220;
			minimizedProjectReferenceProxies = 1;
			preferredProjectObjectVersion = 77;
			productRefGroup = B1E16B6D2E2387B200D1F220 /* Products */;
			projectDirPath = "";
			projectRoot = "";
			targets = (
				B1E16B6B2E2387B200D1F220 /* AudienceAssistant */,
				B1E16B7A2E2387B300D1F220 /* AudienceAssistantTests */,
				B1E16B842E2387B300D1F220 /* AudienceAssistantUITests */,
			);
		};
/* End PBXProject section */

/* Begin PBXResourcesBuildPhase section */
		B1E16B6A2E2387B200D1F220 /* Resources */ = {
			isa = PBXResourcesBuildPhase;
			buildActionMask = 2147483647;
			files = (
			);
			runOnlyForDeploymentPostprocessing = 0;
		};
		B1E16B792E2387B300D1F220 /* Resources */ = {
			isa = PBXResourcesBuildPhase;
			buildActionMask = 2147483647;
			files = (
			);
			runOnlyForDeploymentPostprocessing = 0;
		};
		B1E16B832E2387B300D1F220 /* Resources */ = {
			isa = PBXResourcesBuildPhase;
			buildActionMask = 2147483647;
			files = (
			);
			runOnlyForDeploymentPostprocessing = 0;
		};
/* End PBXResourcesBuildPhase section */

/* Begin PBXSourcesBuildPhase section */
		B1E16B682E2387B200D1F220 /* Sources */ = {
			isa = PBXSourcesBuildPhase;
			buildActionMask = 2147483647;
			files = (
			);
			runOnlyForDeploymentPostprocessing = 0;
		};
		B1E16B772E2387B300D1F220 /* Sources */ = {
			isa = PBXSourcesBuildPhase;
			buildActionMask = 2147483647;
			files = (
			);
			runOnlyForDeploymentPostprocessing = 0;
		};
		B1E16B812E2387B300D1F220 /* Sources */ = {
			isa = PBXSourcesBuildPhase;
			buildActionMask = 2147483647;
			files = (
			);
			runOnlyForDeploymentPostprocessing = 0;
		};
/* End PBXSourcesBuildPhase section */

/* Begin PBXTargetDependency section */
		B1E16B7D2E2387B300D1F220 /* PBXTargetDependency */ = {
			isa = PBXTargetDependency;
			target = B1E16B6B2E2387B200D1F220 /* AudienceAssistant */;
			targetProxy = B1E16B7C2E2387B300D1F220 /* PBXContainerItemProxy */;
		};
		B1E16B872E2387B300D1F220 /* PBXTargetDependency */ = {
			isa = PBXTargetDependency;
			target = B1E16B6B2E2387B200D1F220 /* AudienceAssistant */;
			targetProxy = B1E16B862E2387B300D1F220 /* PBXContainerItemProxy */;
		};
/* End PBXTargetDependency section */

/* Begin XCBuildConfiguration section */
		B1E16B8D2E2387B300D1F220 /* Debug */ = {
			isa = XCBuildConfiguration;
			buildSettings = {
				ALWAYS_SEARCH_USER_PATHS = NO;
				ASSETCATALOG_COMPILER_GENERATE_SWIFT_ASSET_SYMBOL_EXTENSIONS = YES;
				CLANG_ANALYZER_NONNULL = YES;
				CLANG_ANALYZER_NUMBER_OBJECT_CONVERSION = YES_AGGRESSIVE;
				CLANG_CXX_LANGUAGE_STANDARD = "gnu++20";
				CLANG_ENABLE_MODULES = YES;
				CLANG_ENABLE_OBJC_ARC = YES;
				CLANG_ENABLE_OBJC_WEAK = YES;
				CLANG_WARN_BLOCK_CAPTURE_AUTORELEASING = YES;
				CLANG_WARN_BOOL_CONVERSION = YES;
				CLANG_WARN_COMMA = YES;
				CLANG_WARN_CONSTANT_CONVERSION = YES;
				CLANG_WARN_DEPRECATED_OBJC_IMPLEMENTATIONS = YES;
				CLANG_WARN_DIRECT_OBJC_ISA_USAGE = YES_ERROR;
				CLANG_WARN_DOCUMENTATION_COMMENTS = YES;
				CLANG_WARN_EMPTY_BODY = YES;
				CLANG_WARN_ENUM_CONVERSION = YES;
				CLANG_WARN_INFINITE_RECURSION = YES;
				CLANG_WARN_INT_CONVERSION = YES;
				CLANG_WARN_NON_LITERAL_NULL_CONVERSION = YES;
				CLANG_WARN_OBJC_IMPLICIT_RETAIN_SELF = YES;
				CLANG_WARN_OBJC_LITERAL_CONVERSION = YES;
				CLANG_WARN_OBJC_ROOT_CLASS = YES_ERROR;
				CLANG_WARN_QUOTED_INCLUDE_IN_FRAMEWORK_HEADER = YES;
				CLANG_WARN_RANGE_LOOP_ANALYSIS = YES;
				CLANG_WARN_STRICT_PROTOTYPES = YES;
				CLANG_WARN_SUSPICIOUS_MOVE = YES;
				CLANG_WARN_UNGUARDED_AVAILABILITY = YES_AGGRESSIVE;
				CLANG_WARN_UNREACHABLE_CODE = YES;
				CLANG_WARN__DUPLICATE_METHOD_MATCH = YES;
				COPY_PHASE_STRIP = NO;
				DEBUG_INFORMATION_FORMAT = dwarf;
				DEVELOPMENT_TEAM = SJQF99MAXG;
				ENABLE_STRICT_OBJC_MSGSEND = YES;
				ENABLE_TESTABILITY = YES;
				ENABLE_USER_SCRIPT_SANDBOXING = YES;
				GCC_C_LANGUAGE_STANDARD = gnu17;
				GCC_DYNAMIC_NO_PIC = NO;
				GCC_NO_COMMON_BLOCKS = YES;
				GCC_OPTIMIZATION_LEVEL = 0;
				GCC_PREPROCESSOR_DEFINITIONS = (
					"DEBUG=1",
					"$(inherited)",
				);
				GCC_WARN_64_TO_32_BIT_CONVERSION = YES;
				GCC_WARN_ABOUT_RETURN_TYPE = YES_ERROR;
				GCC_WARN_UNDECLARED_SELECTOR = YES;
				GCC_WARN_UNINITIALIZED_AUTOS = YES_AGGRESSIVE;
				GCC_WARN_UNUSED_FUNCTION = YES;
				GCC_WARN_UNUSED_VARIABLE = YES;
				IPHONEOS_DEPLOYMENT_TARGET = 18.5;
				LOCALIZATION_PREFERS_STRING_CATALOGS = YES;
				MTL_ENABLE_DEBUG_INFO = INCLUDE_SOURCE;
				MTL_FAST_MATH = YES;
				ONLY_ACTIVE_ARCH = YES;
				SDKROOT = iphoneos;
				STRING_CATALOG_GENERATE_SYMBOLS = YES;
				SWIFT_ACTIVE_COMPILATION_CONDITIONS = "DEBUG $(inherited)";
				SWIFT_OPTIMIZATION_LEVEL = "-Onone";
			};
			name = Debug;
		};
		B1E16B8E2E2387B300D1F220 /* Release */ = {
			isa = XCBuildConfiguration;
			buildSettings = {
				ALWAYS_SEARCH_USER_PATHS = NO;
				ASSETCATALOG_COMPILER_GENERATE_SWIFT_ASSET_SYMBOL_EXTENSIONS = YES;
				CLANG_ANALYZER_NONNULL = YES;
				CLANG_ANALYZER_NUMBER_OBJECT_CONVERSION = YES_AGGRESSIVE;
				CLANG_CXX_LANGUAGE_STANDARD = "gnu++20";
				CLANG_ENABLE_MODULES = YES;
				CLANG_ENABLE_OBJC_ARC = YES;
				CLANG_ENABLE_OBJC_WEAK = YES;
				CLANG_WARN_BLOCK_CAPTURE_AUTORELEASING = YES;
				CLANG_WARN_BOOL_CONVERSION = YES;
				CLANG_WARN_COMMA = YES;
				CLANG_WARN_CONSTANT_CONVERSION = YES;
				CLANG_WARN_DEPRECATED_OBJC_IMPLEMENTATIONS = YES;
				CLANG_WARN_DIRECT_OBJC_ISA_USAGE = YES_ERROR;
				CLANG_WARN_DOCUMENTATION_COMMENTS = YES;
				CLANG_WARN_EMPTY_BODY = YES;
				CLANG_WARN_ENUM_CONVERSION = YES;
				CLANG_WARN_INFINITE_RECURSION = YES;
				CLANG_WARN_INT_CONVERSION = YES;
				CLANG_WARN_NON_LITERAL_NULL_CONVERSION = YES;
				CLANG_WARN_OBJC_IMPLICIT_RETAIN_SELF = YES;
				CLANG_WARN_OBJC_LITERAL_CONVERSION = YES;
				CLANG_WARN_OBJC_ROOT_CLASS = YES_ERROR;
				CLANG_WARN_QUOTED_INCLUDE_IN_FRAMEWORK_HEADER = YES;
				CLANG_WARN_RANGE_LOOP_ANALYSIS = YES;
				CLANG_WARN_STRICT_PROTOTYPES = YES;
				CLANG_WARN_SUSPICIOUS_MOVE = YES;
				CLANG_WARN_UNGUARDED_AVAILABILITY = YES_AGGRESSIVE;
				CLANG_WARN_UNREACHABLE_CODE = YES;
				CLANG_WARN__DUPLICATE_METHOD_MATCH = YES;
				COPY_PHASE_STRIP = NO;
				DEBUG_INFORMATION_FORMAT = "dwarf-with-dsym";
				DEVELOPMENT_TEAM = SJQF99MAXG;
				ENABLE_NS_ASSERTIONS = NO;
				ENABLE_STRICT_OBJC_MSGSEND = YES;
				ENABLE_USER_SCRIPT_SANDBOXING = YES;
				GCC_C_LANGUAGE_STANDARD = gnu17;
				GCC_NO_COMMON_BLOCKS = YES;
				GCC_WARN_64_TO_32_BIT_CONVERSION = YES;
				GCC_WARN_ABOUT_RETURN_TYPE = YES_ERROR;
				GCC_WARN_UNDECLARED_SELECTOR = YES;
				GCC_WARN_UNINITIALIZED_AUTOS = YES_AGGRESSIVE;
				GCC_WARN_UNUSED_FUNCTION = YES;
				GCC_WARN_UNUSED_VARIABLE = YES;
				IPHONEOS_DEPLOYMENT_TARGET = 18.5;
				LOCALIZATION_PREFERS_STRING_CATALOGS = YES;
				MTL_ENABLE_DEBUG_INFO = NO;
				MTL_FAST_MATH = YES;
				SDKROOT = iphoneos;
				STRING_CATALOG_GENERATE_SYMBOLS = YES;
				SWIFT_COMPILATION_MODE = wholemodule;
				VALIDATE_PRODUCT = YES;
			};
			name = Release;
		};
		B1E16B902E2387B300D1F220 /* Debug */ = {
			isa = XCBuildConfiguration;
			buildSettings = {
				ASSETCATALOG_COMPILER_APPICON_NAME = AppIcon;
				ASSETCATALOG_COMPILER_GLOBAL_ACCENT_COLOR_NAME = AccentColor;
				CODE_SIGN_STYLE = Automatic;
				CURRENT_PROJECT_VERSION = 1;
				DEVELOPMENT_TEAM = SJQF99MAXG;
				ENABLE_PREVIEWS = YES;
				GENERATE_INFOPLIST_FILE = YES;
				INFOPLIST_KEY_UIApplicationSceneManifest_Generation = YES;
				INFOPLIST_KEY_UIApplicationSupportsIndirectInputEvents = YES;
				INFOPLIST_KEY_UILaunchScreen_Generation = YES;
				INFOPLIST_KEY_UISupportedInterfaceOrientations_iPad = "UIInterfaceOrientationPortrait UIInterfaceOrientationPortraitUpsideDown UIInterfaceOrientationLandscapeLeft UIInterfaceOrientationLandscapeRight";
				INFOPLIST_KEY_UISupportedInterfaceOrientations_iPhone = "UIInterfaceOrientationPortrait UIInterfaceOrientationLandscapeLeft UIInterfaceOrientationLandscapeRight";
				IPHONEOS_DEPLOYMENT_TARGET = 26.0;
				LD_RUNPATH_SEARCH_PATHS = (
					"$(inherited)",
					"@executable_path/Frameworks",
				);
				MARKETING_VERSION = 1.0;
				PRODUCT_BUNDLE_IDENTIFIER = com.heavymtlhippy.AudienceAssistant;
				PRODUCT_NAME = "$(TARGET_NAME)";
				SWIFT_EMIT_LOC_STRINGS = YES;
				SWIFT_VERSION = 5.0;
				TARGETED_DEVICE_FAMILY = "1,2";
			};
			name = Debug;
		};
		B1E16B912E2387B300D1F220 /* Release */ = {
			isa = XCBuildConfiguration;
			buildSettings = {
				ASSETCATALOG_COMPILER_APPICON_NAME = AppIcon;
				ASSETCATALOG_COMPILER_GLOBAL_ACCENT_COLOR_NAME = AccentColor;
				CODE_SIGN_STYLE = Automatic;
				CURRENT_PROJECT_VERSION = 1;
				DEVELOPMENT_TEAM = SJQF99MAXG;
				ENABLE_PREVIEWS = YES;
				GENERATE_INFOPLIST_FILE = YES;
				INFOPLIST_KEY_UIApplicationSceneManifest_Generation = YES;
				INFOPLIST_KEY_UIApplicationSupportsIndirectInputEvents = YES;
				INFOPLIST_KEY_UILaunchScreen_Generation = YES;
				INFOPLIST_KEY_UISupportedInterfaceOrientations_iPad = "UIInterfaceOrientationPortrait UIInterfaceOrientationPortraitUpsideDown UIInterfaceOrientationLandscapeLeft UIInterfaceOrientationLandscapeRight";
				INFOPLIST_KEY_UISupportedInterfaceOrientations_iPhone = "UIInterfaceOrientationPortrait UIInterfaceOrientationLandscapeLeft UIInterfaceOrientationLandscapeRight";
				IPHONEOS_DEPLOYMENT_TARGET = 26.0;
				LD_RUNPATH_SEARCH_PATHS = (
					"$(inherited)",
					"@executable_path/Frameworks",
				);
				MARKETING_VERSION = 1.0;
				PRODUCT_BUNDLE_IDENTIFIER = com.heavymtlhippy.AudienceAssistant;
				PRODUCT_NAME = "$(TARGET_NAME)";
				SWIFT_EMIT_LOC_STRINGS = YES;
				SWIFT_VERSION = 5.0;
				TARGETED_DEVICE_FAMILY = "1,2";
			};
			name = Release;
		};
		B1E16B932E2387B300D1F220 /* Debug */ = {
			isa = XCBuildConfiguration;
			buildSettings = {
				BUNDLE_LOADER = "$(TEST_HOST)";
				CODE_SIGN_STYLE = Automatic;
				CURRENT_PROJECT_VERSION = 1;
				DEVELOPMENT_TEAM = SJQF99MAXG;
				GENERATE_INFOPLIST_FILE = YES;
				IPHONEOS_DEPLOYMENT_TARGET = 18.5;
				MARKETING_VERSION = 1.0;
				PRODUCT_BUNDLE_IDENTIFIER = com.heavymtlhippy.AudienceAssistantTests;
				PRODUCT_NAME = "$(TARGET_NAME)";
				SWIFT_EMIT_LOC_STRINGS = NO;
				SWIFT_VERSION = 5.0;
				TARGETED_DEVICE_FAMILY = "1,2";
				TEST_HOST = "$(BUILT_PRODUCTS_DIR)/AudienceAssistant.app/$(BUNDLE_EXECUTABLE_FOLDER_PATH)/AudienceAssistant";
			};
			name = Debug;
		};
		B1E16B942E2387B300D1F220 /* Release */ = {
			isa = XCBuildConfiguration;
			buildSettings = {
				BUNDLE_LOADER = "$(TEST_HOST)";
				CODE_SIGN_STYLE = Automatic;
				CURRENT_PROJECT_VERSION = 1;
				DEVELOPMENT_TEAM = SJQF99MAXG;
				GENERATE_INFOPLIST_FILE = YES;
				IPHONEOS_DEPLOYMENT_TARGET = 18.5;
				MARKETING_VERSION = 1.0;
				PRODUCT_BUNDLE_IDENTIFIER = com.heavymtlhippy.AudienceAssistantTests;
				PRODUCT_NAME = "$(TARGET_NAME)";
				SWIFT_EMIT_LOC_STRINGS = NO;
				SWIFT_VERSION = 5.0;
				TARGETED_DEVICE_FAMILY = "1,2";
				TEST_HOST = "$(BUILT_PRODUCTS_DIR)/AudienceAssistant.app/$(BUNDLE_EXECUTABLE_FOLDER_PATH)/AudienceAssistant";
			};
			name = Release;
		};
		B1E16B962E2387B300D1F220 /* Debug */ = {
			isa = XCBuildConfiguration;
			buildSettings = {
				CODE_SIGN_STYLE = Automatic;
				CURRENT_PROJECT_VERSION = 1;
				DEVELOPMENT_TEAM = SJQF99MAXG;
				GENERATE_INFOPLIST_FILE = YES;
				MARKETING_VERSION = 1.0;
				PRODUCT_BUNDLE_IDENTIFIER = com.heavymtlhippy.AudienceAssistantUITests;
				PRODUCT_NAME = "$(TARGET_NAME)";
				SWIFT_EMIT_LOC_STRINGS = NO;
				SWIFT_VERSION = 5.0;
				TARGETED_DEVICE_FAMILY = "1,2";
				TEST_TARGET_NAME = AudienceAssistant;
			};
			name = Debug;
		};
		B1E16B972E2387B300D1F220 /* Release */ = {
			isa = XCBuildConfiguration;
			buildSettings = {
				CODE_SIGN_STYLE = Automatic;
				CURRENT_PROJECT_VERSION = 1;
				DEVELOPMENT_TEAM = SJQF99MAXG;
				GENERATE_INFOPLIST_FILE = YES;
				MARKETING_VERSION = 1.0;
				PRODUCT_BUNDLE_IDENTIFIER = com.heavymtlhippy.AudienceAssistantUITests;
				PRODUCT_NAME = "$(TARGET_NAME)";
				SWIFT_EMIT_LOC_STRINGS = NO;
				SWIFT_VERSION = 5.0;
				TARGETED_DEVICE_FAMILY = "1,2";
				TEST_TARGET_NAME = AudienceAssistant;
			};
			name = Release;
		};
/* End XCBuildConfiguration section */

/* Begin XCConfigurationList section */
		B1E16B672E2387B200D1F220 /* Build configuration list for PBXProject "AudienceAssistant" */ = {
			isa = XCConfigurationList;
			buildConfigurations = (
				B1E16B8D2E2387B300D1F220 /* Debug */,
				B1E16B8E2E2387B300D1F220 /* Release */,
			);
			defaultConfigurationIsVisible = 0;
			defaultConfigurationName = Release;
		};
		B1E16B8F2E2387B300D1F220 /* Build configuration list for PBXNativeTarget "AudienceAssistant" */ = {
			isa = XCConfigurationList;
			buildConfigurations = (
				B1E16B902E2387B300D1F220 /* Debug */,
				B1E16B912E2387B300D1F220 /* Release */,
			);
			defaultConfigurationIsVisible = 0;
			defaultConfigurationName = Release;
		};
		B1E16B922E2387B300D1F220 /* Build configuration list for PBXNativeTarget "AudienceAssistantTests" */ = {
			isa = XCConfigurationList;
			buildConfigurations = (
				B1E16B932E2387B300D1F220 /* Debug */,
				B1E16B942E2387B300D1F220 /* Release */,
			);
			defaultConfigurationIsVisible = 0;
			defaultConfigurationName = Release;
		};
		B1E16B952E2387B300D1F220 /* Build configuration list for PBXNativeTarget "AudienceAssistantUITests" */ = {
			isa = XCConfigurationList;
			buildConfigurations = (
				B1E16B962E2387B300D1F220 /* Debug */,
				B1E16B972E2387B300D1F220 /* Release */,
			);
			defaultConfigurationIsVisible = 0;
			defaultConfigurationName = Release;
		};
/* End XCConfigurationList section */
	};
	rootObject = B1E16B642E2387B200D1F220 /* Project object */;
}
